dependencies:
  espressif/button:
    component_hash: f53face2ab21fa0ffaf4cf0f6e513d393f56df6586bb2ad1146120f03f19ee05
    dependencies:
    - name: espressif/cmake_utilities
      registry_url: https://components.espressif.com
      require: private
      version: '*'
    - name: idf
      require: private
      version: '>=4.0'
    source:
      registry_url: https://components.espressif.com
      type: service
    version: 4.1.3
  espressif/cmake_utilities:
    component_hash: 351350613ceafba240b761b4ea991e0f231ac7a9f59a9ee901f751bddc0bb18f
    dependencies:
    - name: idf
      require: private
      version: '>=4.1'
    source:
      registry_url: https://components.espressif.com
      type: service
    version: 0.5.3
  espressif/esp_bsp_generic:
    component_hash: b6d8db3794ac6f4429928d5abef6648f63ab6a2c2653356340fd7518ed8e1bdd
    dependencies:
    - name: espressif/button
      registry_url: https://components.espressif.com
      require: public
      version: ^4
    - name: espressif/esp_lcd_gc9a01
      registry_url: https://components.espressif.com
      require: private
      version: ^1
    - name: espressif/esp_lcd_ili9341
      registry_url: https://components.espressif.com
      require: private
      version: ^1
    - name: espressif/esp_lcd_touch_cst816s
      registry_url: https://components.espressif.com
      require: private
      version: ^1
    - name: espressif/esp_lcd_touch_ft5x06
      registry_url: https://components.espressif.com
      require: private
      version: ^1
    - name: espressif/esp_lcd_touch_gt1151
      registry_url: https://components.espressif.com
      require: private
      version: ^1
    - name: espressif/esp_lcd_touch_gt911
      registry_url: https://components.espressif.com
      require: private
      version: ^1
    - name: espressif/esp_lcd_touch_tt21100
      registry_url: https://components.espressif.com
      require: private
      version: ^1
    - name: espressif/esp_lvgl_port
      registry_url: https://components.espressif.com
      require: public
      version: ^2
    - name: idf
      require: private
      version: '>=5.2'
    - name: espressif/led_indicator
      registry_url: https://components.espressif.com
      require: public
      version: ^1
    source:
      registry_url: https://components.espressif.com/
      type: service
    version: 3.0.0
  espressif/esp_lcd_gc9a01:
    component_hash: 2ccbdfa5a1762c7a8be66770b69a256d809651d6069098852d2c829648707b5b
    dependencies:
    - name: idf
      require: private
      version: '>=4.4'
    - name: espressif/cmake_utilities
      registry_url: https://components.espressif.com
      require: private
      version: 0.*
    source:
      registry_url: https://components.espressif.com
      type: service
    version: 1.2.0
  espressif/esp_lcd_ili9341:
    component_hash: 31f1b793aa2110dd2ae071c21ccbff0a4eb20d9a4ee40b6294c0dc0ad9552c4e
    dependencies:
    - name: idf
      require: private
      version: '>=4.4'
    - name: espressif/cmake_utilities
      registry_url: https://components.espressif.com
      require: private
      version: 0.*
    source:
      registry_url: https://components.espressif.com
      type: service
    version: 1.2.0
  espressif/esp_lcd_touch:
    component_hash: 779b4ba2464a3ae85681e4b860caa5fdc35801458c23f3039ee761bae7f442a4
    dependencies:
    - name: idf
      require: private
      version: '>=4.4.2'
    source:
      registry_url: https://components.espressif.com
      type: service
    version: 1.1.2
  espressif/esp_lcd_touch_cst816s:
    component_hash: 439dc245747394d5eeb15a67f1f51bc2f673c32e52068e75d6b27c1534ee66fd
    dependencies:
    - name: espressif/esp_lcd_touch
      registry_url: https://components.espressif.com
      require: public
      version: ^1.0.4
    - name: idf
      require: private
      version: '>=4.4.2'
    source:
      registry_url: https://components.espressif.com
      type: service
    version: 1.0.6
  espressif/esp_lcd_touch_ft5x06:
    component_hash: abaec05f46a793549b60afdda9eff86e3c8e87782c8c169007911232388d2858
    dependencies:
    - name: espressif/esp_lcd_touch
      registry_url: https://components.espressif.com
      require: public
      version: ^1.0.4
    - name: idf
      require: private
      version: '>=4.4.2'
    source:
      registry_url: https://components.espressif.com
      type: service
    version: 1.0.7
  espressif/esp_lcd_touch_gt1151:
    component_hash: 69dd86cd5fad2442e3bf15c8c4ddddbe9e8739bdb26cd5f2c5249601b4c3cc38
    dependencies:
    - name: idf
      require: private
      version: '>=4.4.2'
    - name: espressif/esp_lcd_touch
      registry_url: https://components.espressif.com
      require: public
      version: ^1.0.4
    source:
      registry_url: https://components.espressif.com
      type: service
    version: 1.0.5~2
  espressif/esp_lcd_touch_gt911:
    component_hash: acc1c184358aa29ef72506f618c9c76a8cc2bf12af38a2bff3d44d84f3a08857
    dependencies:
    - name: espressif/esp_lcd_touch
      registry_url: https://components.espressif.com
      require: public
      version: ^1.1.0
    - name: idf
      require: private
      version: '>=4.4.2'
    source:
      registry_url: https://components.espressif.com
      type: service
    version: 1.1.3
  espressif/esp_lcd_touch_tt21100:
    component_hash: 31894c5572927cb2dc65e5087572c4bd71d572fda3ef7e3320cb735af228c423
    dependencies:
    - name: espressif/esp_lcd_touch
      registry_url: https://components.espressif.com
      require: public
      version: ^1.1.0
    - name: idf
      require: private
      version: '>=4.4.2'
    source:
      registry_url: https://components.espressif.com
      type: service
    version: 1.1.1
  espressif/esp_lvgl_port:
    component_hash: e720c95cf0667554a204591bb5fade4655fb2990465557041200fa44b5bc7556
    dependencies:
    - name: idf
      require: private
      version: '>=4.4'
    - name: lvgl/lvgl
      registry_url: https://components.espressif.com
      require: public
      version: '>=8,<10'
    source:
      registry_url: https://components.espressif.com
      type: service
    version: 2.6.0
  espressif/led_indicator:
    component_hash: 5b2531835a989825c0dc94465e3481086473e086dca109b99bea5605d8e70396
    dependencies:
    - name: espressif/cmake_utilities
      registry_url: https://components.espressif.com
      require: private
      version: '*'
    - name: idf
      require: private
      version: '>=4.0'
    - name: espressif/led_strip
      registry_url: https://components.espressif.com
      require: public
      version: 2.5.5
    source:
      registry_url: https://components.espressif.com
      type: service
    version: 1.1.1
  espressif/led_strip:
    component_hash: 28c6509a727ef74925b372ed404772aeedf11cce10b78c3f69b3c66799095e2d
    dependencies:
    - name: idf
      require: private
      version: '>=4.4'
    source:
      registry_url: https://components.espressif.com
      type: service
    version: 2.5.5
  idf:
    source:
      type: idf
    version: 5.4.1
  lvgl/lvgl:
    component_hash: 096c69af22eaf8a2b721e3913da91918c5e6bf1a762a113ec01f401aa61337a0
    dependencies: []
    source:
      registry_url: https://components.espressif.com
      type: service
    version: 9.2.2
direct_dependencies:
- espressif/esp_bsp_generic
- idf
manifest_hash: 1268a40939e13ab47c28c8f01a4b778c56ce71bd078d8308a566e9e11b7e17a5
target: esp32
version: 2.0.0
